
Microsoft Visual Studio Solution File, Format Version 12.00
# Visual Studio Version 17
VisualStudioVersion = 17.12.35506.116
MinimumVisualStudioVersion = 10.0.40219.1
Project("{FAE04EC0-301F-11D3-BF4B-00C04F79EFBC}") = "Homework", "Homework\Homework.csproj", "{9CF5873C-ED26-4998-BEB7-869D48BB9592}"
EndProject
Project("{FAE04EC0-301F-11D3-BF4B-00C04F79EFBC}") = "Quadratic", "quadratic\Quadratic.csproj", "{EF260998-7E81-457C-93A1-3F764F4AE649}"
EndProject
Project("{FAE04EC0-301F-11D3-BF4B-00C04F79EFBC}") = "Classes", "Classes\Classes.csproj", "{AB21F806-BC25-4135-A4A0-F08C73C2474C}"
EndProject
Project("{FAE04EC0-301F-11D3-BF4B-00C04F79EFBC}") = "Interfaces", "Interfaces\Interfaces.csproj", "{CD77D0B3-CC06-438A-808E-8D749729F3F2}"
EndProject
Global
	GlobalSection(SolutionConfigurationPlatforms) = preSolution
		Debug|Any CPU = Debug|Any CPU
		Release|Any CPU = Release|Any CPU
	EndGlobalSection
	GlobalSection(ProjectConfigurationPlatforms) = postSolution
		{9CF5873C-ED26-4998-BEB7-869D48BB9592}.Debug|Any CPU.ActiveCfg = Debug|Any CPU
		{9CF5873C-ED26-4998-BEB7-869D48BB9592}.Debug|Any CPU.Build.0 = Debug|Any CPU
		{9CF5873C-ED26-4998-BEB7-869D48BB9592}.Release|Any CPU.ActiveCfg = Release|Any CPU
		{9CF5873C-ED26-4998-BEB7-869D48BB9592}.Release|Any CPU.Build.0 = Release|Any CPU
		{EF260998-7E81-457C-93A1-3F764F4AE649}.Debug|Any CPU.ActiveCfg = Debug|Any CPU
		{EF260998-7E81-457C-93A1-3F764F4AE649}.Debug|Any CPU.Build.0 = Debug|Any CPU
		{EF260998-7E81-457C-93A1-3F764F4AE649}.Release|Any CPU.ActiveCfg = Release|Any CPU
		{EF260998-7E81-457C-93A1-3F764F4AE649}.Release|Any CPU.Build.0 = Release|Any CPU
		{AB21F806-BC25-4135-A4A0-F08C73C2474C}.Debug|Any CPU.ActiveCfg = Debug|Any CPU
		{AB21F806-BC25-4135-A4A0-F08C73C2474C}.Debug|Any CPU.Build.0 = Debug|Any CPU
		{AB21F806-BC25-4135-A4A0-F08C73C2474C}.Release|Any CPU.ActiveCfg = Release|Any CPU
		{AB21F806-BC25-4135-A4A0-F08C73C2474C}.Release|Any CPU.Build.0 = Release|Any CPU
		{CD77D0B3-CC06-438A-808E-8D749729F3F2}.Debug|Any CPU.ActiveCfg = Debug|Any CPU
		{CD77D0B3-CC06-438A-808E-8D749729F3F2}.Debug|Any CPU.Build.0 = Debug|Any CPU
		{CD77D0B3-CC06-438A-808E-8D749729F3F2}.Release|Any CPU.ActiveCfg = Release|Any CPU
		{CD77D0B3-CC06-438A-808E-8D749729F3F2}.Release|Any CPU.Build.0 = Release|Any CPU
	EndGlobalSection
	GlobalSection(SolutionProperties) = preSolution
		HideSolutionNode = FALSE
	EndGlobalSection
EndGlobal
