
Microsoft Visual Studio Solution File, Format Version 12.00
# Visual Studio Version 17
VisualStudioVersion = 17.13.35806.99 d17.13
MinimumVisualStudioVersion = 10.0.40219.1
Project("{FAE04EC0-301F-11D3-BF4B-00C04F79EFBC}") = "Linq", "Linq\Linq.csproj", "{429DCE7F-EA83-4DDC-A7BF-05BF53D73128}"
EndProject
Global
	GlobalSection(SolutionConfigurationPlatforms) = preSolution
		Debug|Any CPU = Debug|Any CPU
		Release|Any CPU = Release|Any CPU
	EndGlobalSection
	GlobalSection(ProjectConfigurationPlatforms) = postSolution
		{429DCE7F-EA83-4DDC-A7BF-05BF53D73128}.Debug|Any CPU.ActiveCfg = Debug|Any CPU
		{429DCE7F-EA83-4DDC-A7BF-05BF53D73128}.Debug|Any CPU.Build.0 = Debug|Any CPU
		{429DCE7F-EA83-4DDC-A7BF-05BF53D73128}.Release|Any CPU.ActiveCfg = Release|Any CPU
		{429DCE7F-EA83-4DDC-A7BF-05BF53D73128}.Release|Any CPU.Build.0 = Release|Any CPU
	EndGlobalSection
	GlobalSection(SolutionProperties) = preSolution
		HideSolutionNode = FALSE
	EndGlobalSection
	GlobalSection(ExtensibilityGlobals) = postSolution
		SolutionGuid = {9C7A9536-5530-4401-9326-73FD48DD27B3}
	EndGlobalSection
EndGlobal
